
Microsoft Visual Studio Solution File, Format Version 12.00
# Visual Studio Version 17
VisualStudioVersion = 17.8.34330.188
MinimumVisualStudioVersion = 10.0.40219.1
Project("{FAE04EC0-301F-11D3-BF4B-00C04F79EFBC}") = "Lab11", "Lab11.csproj", "{452EE765-B747-413C-B6A8-DC20FE143B28}"
EndProject
Global
	GlobalSection(SolutionConfigurationPlatforms) = preSolution
		Debug|Any CPU = Debug|Any CPU
		Release|Any CPU = Release|Any CPU
	EndGlobalSection
	GlobalSection(ProjectConfigurationPlatforms) = postSolution
		{452EE765-B747-413C-B6A8-DC20FE143B28}.Debug|Any CPU.ActiveCfg = Debug|Any CPU
		{452EE765-B747-413C-B6A8-DC20FE143B28}.Debug|Any CPU.Build.0 = Debug|Any CPU
		{452EE765-B747-413C-B6A8-DC20FE143B28}.Release|Any CPU.ActiveCfg = Release|Any CPU
		{452EE765-B747-413C-B6A8-DC20FE143B28}.Release|Any CPU.Build.0 = Release|Any CPU
	EndGlobalSection
	GlobalSection(SolutionProperties) = preSolution
		HideSolutionNode = FALSE
	EndGlobalSection
	GlobalSection(ExtensibilityGlobals) = postSolution
		SolutionGuid = {1E141A48-F1E4-4660-8445-C73E2D545B19}
	EndGlobalSection
EndGlobal
