
Microsoft Visual Studio Solution File, Format Version 12.00
# Visual Studio Version 17
VisualStudioVersion = 17.8.34330.188
MinimumVisualStudioVersion = 10.0.40219.1
Project("{FAE04EC0-301F-11D3-BF4B-00C04F79EFBC}") = "Lab9", "Lab9.csproj", "{C6064818-C5B5-4EEE-B5FF-70A3B9A4D13E}"
EndProject
Global
	GlobalSection(SolutionConfigurationPlatforms) = preSolution
		Debug|Any CPU = Debug|Any CPU
		Release|Any CPU = Release|Any CPU
	EndGlobalSection
	GlobalSection(ProjectConfigurationPlatforms) = postSolution
		{C6064818-C5B5-4EEE-B5FF-70A3B9A4D13E}.Debug|Any CPU.ActiveCfg = Debug|Any CPU
		{C6064818-C5B5-4EEE-B5FF-70A3B9A4D13E}.Debug|Any CPU.Build.0 = Debug|Any CPU
		{C6064818-C5B5-4EEE-B5FF-70A3B9A4D13E}.Release|Any CPU.ActiveCfg = Release|Any CPU
		{C6064818-C5B5-4EEE-B5FF-70A3B9A4D13E}.Release|Any CPU.Build.0 = Release|Any CPU
	EndGlobalSection
	GlobalSection(SolutionProperties) = preSolution
		HideSolutionNode = FALSE
	EndGlobalSection
	GlobalSection(ExtensibilityGlobals) = postSolution
		SolutionGuid = {50758075-9C48-4C14-841F-768C476100EA}
	EndGlobalSection
EndGlobal
